
Microsoft Visual Studio Solution File, Format Version 11.00
# Visual Studio 2010
Project("{FAE04EC0-301F-11D3-BF4B-00C04F79EFBC}") = "magneto", "magneto\magneto.csproj", "{50FDE38B-D073-4610-A8C3-AA27B90CF0EF}"
EndProject
Global
	GlobalSection(SolutionConfigurationPlatforms) = preSolution
		Debug|Any CPU = Debug|Any CPU
		Release|Any CPU = Release|Any CPU
	EndGlobalSection
	GlobalSection(ProjectConfigurationPlatforms) = postSolution
		{50FDE38B-D073-4610-A8C3-AA27B90CF0EF}.Debug|Any CPU.ActiveCfg = Debug|Any CPU
		{50FDE38B-D073-4610-A8C3-AA27B90CF0EF}.Debug|Any CPU.Build.0 = Debug|Any CPU
		{50FDE38B-D073-4610-A8C3-AA27B90CF0EF}.Release|Any CPU.ActiveCfg = Release|Any CPU
		{50FDE38B-D073-4610-A8C3-AA27B90CF0EF}.Release|Any CPU.Build.0 = Release|Any CPU
	EndGlobalSection
	GlobalSection(SolutionProperties) = preSolution
		HideSolutionNode = FALSE
	EndGlobalSection
EndGlobal
